
Microsoft Visual Studio Solution File, Format Version 12.00
# Visual Studio Version 17
VisualStudioVersion = 17.10.35013.160
MinimumVisualStudioVersion = 10.0.40219.1
Project("{FAE04EC0-301F-11D3-BF4B-00C04F79EFBC}") = "KDSB.Temperatura", "KDSB.Temperatura\KDSB.Temperatura.csproj", "{01C35185-F39E-4029-B2CC-F73BA08958C3}"
EndProject
Project("{FAE04EC0-301F-11D3-BF4B-00C04F79EFBC}") = "KDSB.Temperatura.UnitTestMSTest", "KDSB.Temperatura.UnitTestMSTest\KDSB.Temperatura.UnitTestMSTest.csproj", "{038BE978-39DF-4C88-ADCB-1C9D76300191}"
EndProject
Project("{FAE04EC0-301F-11D3-BF4B-00C04F79EFBC}") = "KDSB.CadenaDeTexto", "KDSB.CadenaDeTexto\KDSB.CadenaDeTexto.csproj", "{757E90AD-1689-4579-9DA8-1E9C5A52FF73}"
EndProject
Global
	GlobalSection(SolutionConfigurationPlatforms) = preSolution
		Debug|Any CPU = Debug|Any CPU
		Release|Any CPU = Release|Any CPU
	EndGlobalSection
	GlobalSection(ProjectConfigurationPlatforms) = postSolution
		{01C35185-F39E-4029-B2CC-F73BA08958C3}.Debug|Any CPU.ActiveCfg = Debug|Any CPU
		{01C35185-F39E-4029-B2CC-F73BA08958C3}.Debug|Any CPU.Build.0 = Debug|Any CPU
		{01C35185-F39E-4029-B2CC-F73BA08958C3}.Release|Any CPU.ActiveCfg = Release|Any CPU
		{01C35185-F39E-4029-B2CC-F73BA08958C3}.Release|Any CPU.Build.0 = Release|Any CPU
		{038BE978-39DF-4C88-ADCB-1C9D76300191}.Debug|Any CPU.ActiveCfg = Debug|Any CPU
		{038BE978-39DF-4C88-ADCB-1C9D76300191}.Debug|Any CPU.Build.0 = Debug|Any CPU
		{038BE978-39DF-4C88-ADCB-1C9D76300191}.Release|Any CPU.ActiveCfg = Release|Any CPU
		{038BE978-39DF-4C88-ADCB-1C9D76300191}.Release|Any CPU.Build.0 = Release|Any CPU
		{757E90AD-1689-4579-9DA8-1E9C5A52FF73}.Debug|Any CPU.ActiveCfg = Debug|Any CPU
		{757E90AD-1689-4579-9DA8-1E9C5A52FF73}.Debug|Any CPU.Build.0 = Debug|Any CPU
		{757E90AD-1689-4579-9DA8-1E9C5A52FF73}.Release|Any CPU.ActiveCfg = Release|Any CPU
		{757E90AD-1689-4579-9DA8-1E9C5A52FF73}.Release|Any CPU.Build.0 = Release|Any CPU
	EndGlobalSection
	GlobalSection(SolutionProperties) = preSolution
		HideSolutionNode = FALSE
	EndGlobalSection
	GlobalSection(ExtensibilityGlobals) = postSolution
		SolutionGuid = {83A42129-9B7D-4E39-B159-90E3BF94F825}
	EndGlobalSection
EndGlobal
