
Microsoft Visual Studio Solution File, Format Version 12.00
# Visual Studio Version 17
VisualStudioVersion = 17.10.35013.160
MinimumVisualStudioVersion = 10.0.40219.1
Project("{FAE04EC0-301F-11D3-BF4B-00C04F79EFBC}") = "KDSB.Temperatura", "KDSB.Temperatura\KDSB.Temperatura.csproj", "{01C35185-F39E-4029-B2CC-F73BA08958C3}"
EndProject
Global
	GlobalSection(SolutionConfigurationPlatforms) = preSolution
		Debug|Any CPU = Debug|Any CPU
		Release|Any CPU = Release|Any CPU
	EndGlobalSection
	GlobalSection(ProjectConfigurationPlatforms) = postSolution
		{01C35185-F39E-4029-B2CC-F73BA08958C3}.Debug|Any CPU.ActiveCfg = Debug|Any CPU
		{01C35185-F39E-4029-B2CC-F73BA08958C3}.Debug|Any CPU.Build.0 = Debug|Any CPU
		{01C35185-F39E-4029-B2CC-F73BA08958C3}.Release|Any CPU.ActiveCfg = Release|Any CPU
		{01C35185-F39E-4029-B2CC-F73BA08958C3}.Release|Any CPU.Build.0 = Release|Any CPU
	EndGlobalSection
	GlobalSection(SolutionProperties) = preSolution
		HideSolutionNode = FALSE
	EndGlobalSection
	GlobalSection(ExtensibilityGlobals) = postSolution
		SolutionGuid = {83A42129-9B7D-4E39-B159-90E3BF94F825}
	EndGlobalSection
EndGlobal
